
Microsoft Visual Studio Solution File, Format Version 12.00
# Visual Studio Version 17
VisualStudioVersion = 17.12.35707.178
MinimumVisualStudioVersion = 10.0.40219.1
Project("{FAE04EC0-301F-11D3-BF4B-00C04F79EFBC}") = "Webshop.Server", "Webshop.Server\Webshop.Server.csproj", "{A0C32EAD-34F3-49AA-8FA4-E00B72587049}"
EndProject
Project("{54A90642-561A-4BB1-A94E-469ADEE60C69}") = "webshop.client", "webshop.client\webshop.client.esproj", "{003B9D09-2677-4A46-9A5C-4EC8DC360F13}"
EndProject
Project("{FAE04EC0-301F-11D3-BF4B-00C04F79EFBC}") = "Domain", "Domain\Domain.csproj", "{C07CB71E-2B49-43D8-9878-16DA8EA54AF2}"
EndProject
Project("{FAE04EC0-301F-11D3-BF4B-00C04F79EFBC}") = "Application", "Application\Application.csproj", "{5EFD1332-0EE8-46AA-BD8B-B2F7E527A843}"
EndProject
Project("{FAE04EC0-301F-11D3-BF4B-00C04F79EFBC}") = "Infrastructure", "Infrastructure\Infrastructure.csproj", "{264C15CF-203C-438F-8EE7-C5B1941C4C14}"
EndProject
Global
	GlobalSection(SolutionConfigurationPlatforms) = preSolution
		Debug|Any CPU = Debug|Any CPU
		Release|Any CPU = Release|Any CPU
	EndGlobalSection
	GlobalSection(ProjectConfigurationPlatforms) = postSolution
		{A0C32EAD-34F3-49AA-8FA4-E00B72587049}.Debug|Any CPU.ActiveCfg = Debug|Any CPU
		{A0C32EAD-34F3-49AA-8FA4-E00B72587049}.Debug|Any CPU.Build.0 = Debug|Any CPU
		{A0C32EAD-34F3-49AA-8FA4-E00B72587049}.Release|Any CPU.ActiveCfg = Release|Any CPU
		{A0C32EAD-34F3-49AA-8FA4-E00B72587049}.Release|Any CPU.Build.0 = Release|Any CPU
		{003B9D09-2677-4A46-9A5C-4EC8DC360F13}.Debug|Any CPU.ActiveCfg = Debug|Any CPU
		{003B9D09-2677-4A46-9A5C-4EC8DC360F13}.Debug|Any CPU.Build.0 = Debug|Any CPU
		{003B9D09-2677-4A46-9A5C-4EC8DC360F13}.Debug|Any CPU.Deploy.0 = Debug|Any CPU
		{003B9D09-2677-4A46-9A5C-4EC8DC360F13}.Release|Any CPU.ActiveCfg = Release|Any CPU
		{003B9D09-2677-4A46-9A5C-4EC8DC360F13}.Release|Any CPU.Build.0 = Release|Any CPU
		{003B9D09-2677-4A46-9A5C-4EC8DC360F13}.Release|Any CPU.Deploy.0 = Release|Any CPU
		{C07CB71E-2B49-43D8-9878-16DA8EA54AF2}.Debug|Any CPU.ActiveCfg = Debug|Any CPU
		{C07CB71E-2B49-43D8-9878-16DA8EA54AF2}.Debug|Any CPU.Build.0 = Debug|Any CPU
		{C07CB71E-2B49-43D8-9878-16DA8EA54AF2}.Release|Any CPU.ActiveCfg = Release|Any CPU
		{C07CB71E-2B49-43D8-9878-16DA8EA54AF2}.Release|Any CPU.Build.0 = Release|Any CPU
		{5EFD1332-0EE8-46AA-BD8B-B2F7E527A843}.Debug|Any CPU.ActiveCfg = Debug|Any CPU
		{5EFD1332-0EE8-46AA-BD8B-B2F7E527A843}.Debug|Any CPU.Build.0 = Debug|Any CPU
		{5EFD1332-0EE8-46AA-BD8B-B2F7E527A843}.Release|Any CPU.ActiveCfg = Release|Any CPU
		{5EFD1332-0EE8-46AA-BD8B-B2F7E527A843}.Release|Any CPU.Build.0 = Release|Any CPU
		{264C15CF-203C-438F-8EE7-C5B1941C4C14}.Debug|Any CPU.ActiveCfg = Debug|Any CPU
		{264C15CF-203C-438F-8EE7-C5B1941C4C14}.Debug|Any CPU.Build.0 = Debug|Any CPU
		{264C15CF-203C-438F-8EE7-C5B1941C4C14}.Release|Any CPU.ActiveCfg = Release|Any CPU
		{264C15CF-203C-438F-8EE7-C5B1941C4C14}.Release|Any CPU.Build.0 = Release|Any CPU
	EndGlobalSection
	GlobalSection(SolutionProperties) = preSolution
		HideSolutionNode = FALSE
	EndGlobalSection
EndGlobal
